
Microsoft Visual Studio Solution File, Format Version 12.00
# Visual Studio Version 16
VisualStudioVersion = 16.0.30320.27
MinimumVisualStudioVersion = 10.0.40219.1
Project("{2150E333-8FDC-42A3-9474-1A3956D46DE8}") = "Library", "Library", "{C2F6CFD3-DC77-46F0-8CAB-A910C808C0EA}"
EndProject
Project("{FAE04EC0-301F-11D3-BF4B-00C04F79EFBC}") = "MintPlayer.MVVM", "Library\MintPlayer.MVVM\MintPlayer.MVVM.csproj", "{28F48E0D-17CA-4166-8030-D0987F03D1DE}"
EndProject
Global
	GlobalSection(SolutionConfigurationPlatforms) = preSolution
		Debug|Any CPU = Debug|Any CPU
		Release|Any CPU = Release|Any CPU
	EndGlobalSection
	GlobalSection(ProjectConfigurationPlatforms) = postSolution
		{28F48E0D-17CA-4166-8030-D0987F03D1DE}.Debug|Any CPU.ActiveCfg = Debug|Any CPU
		{28F48E0D-17CA-4166-8030-D0987F03D1DE}.Debug|Any CPU.Build.0 = Debug|Any CPU
		{28F48E0D-17CA-4166-8030-D0987F03D1DE}.Release|Any CPU.ActiveCfg = Release|Any CPU
		{28F48E0D-17CA-4166-8030-D0987F03D1DE}.Release|Any CPU.Build.0 = Release|Any CPU
	EndGlobalSection
	GlobalSection(SolutionProperties) = preSolution
		HideSolutionNode = FALSE
	EndGlobalSection
	GlobalSection(NestedProjects) = preSolution
		{28F48E0D-17CA-4166-8030-D0987F03D1DE} = {C2F6CFD3-DC77-46F0-8CAB-A910C808C0EA}
	EndGlobalSection
	GlobalSection(ExtensibilityGlobals) = postSolution
		SolutionGuid = {5050F2FE-2973-4D79-84DA-2BE23FDA0A38}
	EndGlobalSection
EndGlobal
