
Microsoft Visual Studio Solution File, Format Version 12.00
# Visual Studio Version 16
VisualStudioVersion = 16.0.30320.27
MinimumVisualStudioVersion = 10.0.40219.1
Project("{2150E333-8FDC-42A3-9474-1A3956D46DE8}") = "Library", "Library", "{95C7DF3D-9433-4CB6-81B6-BDF2C51459A9}"
EndProject
Project("{9A19103F-16F7-4668-BE54-9A1E7A4F7556}") = "MintPlayer.MVVM", "Library\MintPlayer.MVVM\MintPlayer.MVVM.csproj", "{F8279AFE-FA4D-4B98-BAA6-D04EBF2C486F}"
EndProject
Project("{2150E333-8FDC-42A3-9474-1A3956D46DE8}") = "Demo", "Demo", "{AE8FE618-C63A-492C-9C2D-083810E62534}"
EndProject
Project("{FAE04EC0-301F-11D3-BF4B-00C04F79EFBC}") = "MintPlayer.MVVM.Demo.UWP", "Demo\MintPlayer.MVVM.Demo\MintPlayer.MVVM.Demo.UWP\MintPlayer.MVVM.Demo.UWP.csproj", "{68A1B9AF-BA1E-4585-926E-97FC25F73C23}"
EndProject
Project("{FAE04EC0-301F-11D3-BF4B-00C04F79EFBC}") = "MintPlayer.MVVM.Demo.Android", "Demo\MintPlayer.MVVM.Demo\MintPlayer.MVVM.Demo.Android\MintPlayer.MVVM.Demo.Android.csproj", "{D8492715-DD43-483A-B8BE-D5206AACC4E3}"
EndProject
Project("{FAE04EC0-301F-11D3-BF4B-00C04F79EFBC}") = "MintPlayer.MVVM.Demo.iOS", "Demo\MintPlayer.MVVM.Demo\MintPlayer.MVVM.Demo.iOS\MintPlayer.MVVM.Demo.iOS.csproj", "{ABAB74BC-F6F1-4B96-A677-DDCD0716F306}"
EndProject
Project("{9A19103F-16F7-4668-BE54-9A1E7A4F7556}") = "MintPlayer.MVVM.Demo", "Demo\MintPlayer.MVVM.Demo\MintPlayer.MVVM.Demo\MintPlayer.MVVM.Demo.csproj", "{F6B324DD-BF59-404C-9411-66888240EE39}"
EndProject
Global
	GlobalSection(SolutionConfigurationPlatforms) = preSolution
		Debug|Any CPU = Debug|Any CPU
		Debug|ARM = Debug|ARM
		Debug|iPhone = Debug|iPhone
		Debug|iPhoneSimulator = Debug|iPhoneSimulator
		Debug|x64 = Debug|x64
		Debug|x86 = Debug|x86
		Release|Any CPU = Release|Any CPU
		Release|ARM = Release|ARM
		Release|iPhone = Release|iPhone
		Release|iPhoneSimulator = Release|iPhoneSimulator
		Release|x64 = Release|x64
		Release|x86 = Release|x86
	EndGlobalSection
	GlobalSection(ProjectConfigurationPlatforms) = postSolution
		{F8279AFE-FA4D-4B98-BAA6-D04EBF2C486F}.Debug|Any CPU.ActiveCfg = Debug|Any CPU
		{F8279AFE-FA4D-4B98-BAA6-D04EBF2C486F}.Debug|Any CPU.Build.0 = Debug|Any CPU
		{F8279AFE-FA4D-4B98-BAA6-D04EBF2C486F}.Debug|ARM.ActiveCfg = Debug|Any CPU
		{F8279AFE-FA4D-4B98-BAA6-D04EBF2C486F}.Debug|ARM.Build.0 = Debug|Any CPU
		{F8279AFE-FA4D-4B98-BAA6-D04EBF2C486F}.Debug|iPhone.ActiveCfg = Debug|Any CPU
		{F8279AFE-FA4D-4B98-BAA6-D04EBF2C486F}.Debug|iPhone.Build.0 = Debug|Any CPU
		{F8279AFE-FA4D-4B98-BAA6-D04EBF2C486F}.Debug|iPhoneSimulator.ActiveCfg = Debug|Any CPU
		{F8279AFE-FA4D-4B98-BAA6-D04EBF2C486F}.Debug|iPhoneSimulator.Build.0 = Debug|Any CPU
		{F8279AFE-FA4D-4B98-BAA6-D04EBF2C486F}.Debug|x64.ActiveCfg = Debug|Any CPU
		{F8279AFE-FA4D-4B98-BAA6-D04EBF2C486F}.Debug|x64.Build.0 = Debug|Any CPU
		{F8279AFE-FA4D-4B98-BAA6-D04EBF2C486F}.Debug|x86.ActiveCfg = Debug|Any CPU
		{F8279AFE-FA4D-4B98-BAA6-D04EBF2C486F}.Debug|x86.Build.0 = Debug|Any CPU
		{F8279AFE-FA4D-4B98-BAA6-D04EBF2C486F}.Release|Any CPU.ActiveCfg = Release|Any CPU
		{F8279AFE-FA4D-4B98-BAA6-D04EBF2C486F}.Release|Any CPU.Build.0 = Release|Any CPU
		{F8279AFE-FA4D-4B98-BAA6-D04EBF2C486F}.Release|ARM.ActiveCfg = Release|Any CPU
		{F8279AFE-FA4D-4B98-BAA6-D04EBF2C486F}.Release|ARM.Build.0 = Release|Any CPU
		{F8279AFE-FA4D-4B98-BAA6-D04EBF2C486F}.Release|iPhone.ActiveCfg = Release|Any CPU
		{F8279AFE-FA4D-4B98-BAA6-D04EBF2C486F}.Release|iPhone.Build.0 = Release|Any CPU
		{F8279AFE-FA4D-4B98-BAA6-D04EBF2C486F}.Release|iPhoneSimulator.ActiveCfg = Release|Any CPU
		{F8279AFE-FA4D-4B98-BAA6-D04EBF2C486F}.Release|iPhoneSimulator.Build.0 = Release|Any CPU
		{F8279AFE-FA4D-4B98-BAA6-D04EBF2C486F}.Release|x64.ActiveCfg = Release|Any CPU
		{F8279AFE-FA4D-4B98-BAA6-D04EBF2C486F}.Release|x64.Build.0 = Release|Any CPU
		{F8279AFE-FA4D-4B98-BAA6-D04EBF2C486F}.Release|x86.ActiveCfg = Release|Any CPU
		{F8279AFE-FA4D-4B98-BAA6-D04EBF2C486F}.Release|x86.Build.0 = Release|Any CPU
		{68A1B9AF-BA1E-4585-926E-97FC25F73C23}.Debug|Any CPU.ActiveCfg = Debug|x86
		{68A1B9AF-BA1E-4585-926E-97FC25F73C23}.Debug|Any CPU.Build.0 = Debug|x86
		{68A1B9AF-BA1E-4585-926E-97FC25F73C23}.Debug|Any CPU.Deploy.0 = Debug|x86
		{68A1B9AF-BA1E-4585-926E-97FC25F73C23}.Debug|ARM.ActiveCfg = Debug|ARM
		{68A1B9AF-BA1E-4585-926E-97FC25F73C23}.Debug|ARM.Build.0 = Debug|ARM
		{68A1B9AF-BA1E-4585-926E-97FC25F73C23}.Debug|ARM.Deploy.0 = Debug|ARM
		{68A1B9AF-BA1E-4585-926E-97FC25F73C23}.Debug|iPhone.ActiveCfg = Debug|x86
		{68A1B9AF-BA1E-4585-926E-97FC25F73C23}.Debug|iPhoneSimulator.ActiveCfg = Debug|x86
		{68A1B9AF-BA1E-4585-926E-97FC25F73C23}.Debug|x64.ActiveCfg = Debug|x64
		{68A1B9AF-BA1E-4585-926E-97FC25F73C23}.Debug|x64.Build.0 = Debug|x64
		{68A1B9AF-BA1E-4585-926E-97FC25F73C23}.Debug|x64.Deploy.0 = Debug|x64
		{68A1B9AF-BA1E-4585-926E-97FC25F73C23}.Debug|x86.ActiveCfg = Debug|x86
		{68A1B9AF-BA1E-4585-926E-97FC25F73C23}.Debug|x86.Build.0 = Debug|x86
		{68A1B9AF-BA1E-4585-926E-97FC25F73C23}.Debug|x86.Deploy.0 = Debug|x86
		{68A1B9AF-BA1E-4585-926E-97FC25F73C23}.Release|Any CPU.ActiveCfg = Release|x86
		{68A1B9AF-BA1E-4585-926E-97FC25F73C23}.Release|ARM.ActiveCfg = Release|ARM
		{68A1B9AF-BA1E-4585-926E-97FC25F73C23}.Release|ARM.Build.0 = Release|ARM
		{68A1B9AF-BA1E-4585-926E-97FC25F73C23}.Release|ARM.Deploy.0 = Release|ARM
		{68A1B9AF-BA1E-4585-926E-97FC25F73C23}.Release|iPhone.ActiveCfg = Release|x86
		{68A1B9AF-BA1E-4585-926E-97FC25F73C23}.Release|iPhoneSimulator.ActiveCfg = Release|x86
		{68A1B9AF-BA1E-4585-926E-97FC25F73C23}.Release|x64.ActiveCfg = Release|x64
		{68A1B9AF-BA1E-4585-926E-97FC25F73C23}.Release|x64.Build.0 = Release|x64
		{68A1B9AF-BA1E-4585-926E-97FC25F73C23}.Release|x64.Deploy.0 = Release|x64
		{68A1B9AF-BA1E-4585-926E-97FC25F73C23}.Release|x86.ActiveCfg = Release|x86
		{68A1B9AF-BA1E-4585-926E-97FC25F73C23}.Release|x86.Build.0 = Release|x86
		{68A1B9AF-BA1E-4585-926E-97FC25F73C23}.Release|x86.Deploy.0 = Release|x86
		{D8492715-DD43-483A-B8BE-D5206AACC4E3}.Debug|Any CPU.ActiveCfg = Debug|Any CPU
		{D8492715-DD43-483A-B8BE-D5206AACC4E3}.Debug|Any CPU.Build.0 = Debug|Any CPU
		{D8492715-DD43-483A-B8BE-D5206AACC4E3}.Debug|Any CPU.Deploy.0 = Debug|Any CPU
		{D8492715-DD43-483A-B8BE-D5206AACC4E3}.Debug|ARM.ActiveCfg = Debug|Any CPU
		{D8492715-DD43-483A-B8BE-D5206AACC4E3}.Debug|ARM.Build.0 = Debug|Any CPU
		{D8492715-DD43-483A-B8BE-D5206AACC4E3}.Debug|ARM.Deploy.0 = Debug|Any CPU
		{D8492715-DD43-483A-B8BE-D5206AACC4E3}.Debug|iPhone.ActiveCfg = Debug|Any CPU
		{D8492715-DD43-483A-B8BE-D5206AACC4E3}.Debug|iPhone.Build.0 = Debug|Any CPU
		{D8492715-DD43-483A-B8BE-D5206AACC4E3}.Debug|iPhone.Deploy.0 = Debug|Any CPU
		{D8492715-DD43-483A-B8BE-D5206AACC4E3}.Debug|iPhoneSimulator.ActiveCfg = Debug|Any CPU
		{D8492715-DD43-483A-B8BE-D5206AACC4E3}.Debug|iPhoneSimulator.Build.0 = Debug|Any CPU
		{D8492715-DD43-483A-B8BE-D5206AACC4E3}.Debug|iPhoneSimulator.Deploy.0 = Debug|Any CPU
		{D8492715-DD43-483A-B8BE-D5206AACC4E3}.Debug|x64.ActiveCfg = Debug|Any CPU
		{D8492715-DD43-483A-B8BE-D5206AACC4E3}.Debug|x64.Build.0 = Debug|Any CPU
		{D8492715-DD43-483A-B8BE-D5206AACC4E3}.Debug|x64.Deploy.0 = Debug|Any CPU
		{D8492715-DD43-483A-B8BE-D5206AACC4E3}.Debug|x86.ActiveCfg = Debug|Any CPU
		{D8492715-DD43-483A-B8BE-D5206AACC4E3}.Debug|x86.Build.0 = Debug|Any CPU
		{D8492715-DD43-483A-B8BE-D5206AACC4E3}.Debug|x86.Deploy.0 = Debug|Any CPU
		{D8492715-DD43-483A-B8BE-D5206AACC4E3}.Release|Any CPU.ActiveCfg = Release|Any CPU
		{D8492715-DD43-483A-B8BE-D5206AACC4E3}.Release|Any CPU.Build.0 = Release|Any CPU
		{D8492715-DD43-483A-B8BE-D5206AACC4E3}.Release|Any CPU.Deploy.0 = Release|Any CPU
		{D8492715-DD43-483A-B8BE-D5206AACC4E3}.Release|ARM.ActiveCfg = Release|Any CPU
		{D8492715-DD43-483A-B8BE-D5206AACC4E3}.Release|ARM.Build.0 = Release|Any CPU
		{D8492715-DD43-483A-B8BE-D5206AACC4E3}.Release|ARM.Deploy.0 = Release|Any CPU
		{D8492715-DD43-483A-B8BE-D5206AACC4E3}.Release|iPhone.ActiveCfg = Release|Any CPU
		{D8492715-DD43-483A-B8BE-D5206AACC4E3}.Release|iPhone.Build.0 = Release|Any CPU
		{D8492715-DD43-483A-B8BE-D5206AACC4E3}.Release|iPhone.Deploy.0 = Release|Any CPU
		{D8492715-DD43-483A-B8BE-D5206AACC4E3}.Release|iPhoneSimulator.ActiveCfg = Release|Any CPU
		{D8492715-DD43-483A-B8BE-D5206AACC4E3}.Release|iPhoneSimulator.Build.0 = Release|Any CPU
		{D8492715-DD43-483A-B8BE-D5206AACC4E3}.Release|iPhoneSimulator.Deploy.0 = Release|Any CPU
		{D8492715-DD43-483A-B8BE-D5206AACC4E3}.Release|x64.ActiveCfg = Release|Any CPU
		{D8492715-DD43-483A-B8BE-D5206AACC4E3}.Release|x64.Build.0 = Release|Any CPU
		{D8492715-DD43-483A-B8BE-D5206AACC4E3}.Release|x64.Deploy.0 = Release|Any CPU
		{D8492715-DD43-483A-B8BE-D5206AACC4E3}.Release|x86.ActiveCfg = Release|Any CPU
		{D8492715-DD43-483A-B8BE-D5206AACC4E3}.Release|x86.Build.0 = Release|Any CPU
		{D8492715-DD43-483A-B8BE-D5206AACC4E3}.Release|x86.Deploy.0 = Release|Any CPU
		{ABAB74BC-F6F1-4B96-A677-DDCD0716F306}.Debug|Any CPU.ActiveCfg = Debug|iPhoneSimulator
		{ABAB74BC-F6F1-4B96-A677-DDCD0716F306}.Debug|Any CPU.Build.0 = Debug|iPhoneSimulator
		{ABAB74BC-F6F1-4B96-A677-DDCD0716F306}.Debug|ARM.ActiveCfg = Debug|iPhoneSimulator
		{ABAB74BC-F6F1-4B96-A677-DDCD0716F306}.Debug|iPhone.ActiveCfg = Debug|iPhone
		{ABAB74BC-F6F1-4B96-A677-DDCD0716F306}.Debug|iPhone.Build.0 = Debug|iPhone
		{ABAB74BC-F6F1-4B96-A677-DDCD0716F306}.Debug|iPhoneSimulator.ActiveCfg = Debug|iPhoneSimulator
		{ABAB74BC-F6F1-4B96-A677-DDCD0716F306}.Debug|iPhoneSimulator.Build.0 = Debug|iPhoneSimulator
		{ABAB74BC-F6F1-4B96-A677-DDCD0716F306}.Debug|x64.ActiveCfg = Debug|iPhoneSimulator
		{ABAB74BC-F6F1-4B96-A677-DDCD0716F306}.Debug|x86.ActiveCfg = Debug|iPhoneSimulator
		{ABAB74BC-F6F1-4B96-A677-DDCD0716F306}.Release|Any CPU.ActiveCfg = Release|iPhoneSimulator
		{ABAB74BC-F6F1-4B96-A677-DDCD0716F306}.Release|ARM.ActiveCfg = Release|iPhoneSimulator
		{ABAB74BC-F6F1-4B96-A677-DDCD0716F306}.Release|iPhone.ActiveCfg = Release|iPhone
		{ABAB74BC-F6F1-4B96-A677-DDCD0716F306}.Release|iPhone.Build.0 = Release|iPhone
		{ABAB74BC-F6F1-4B96-A677-DDCD0716F306}.Release|iPhoneSimulator.ActiveCfg = Release|iPhoneSimulator
		{ABAB74BC-F6F1-4B96-A677-DDCD0716F306}.Release|iPhoneSimulator.Build.0 = Release|iPhoneSimulator
		{ABAB74BC-F6F1-4B96-A677-DDCD0716F306}.Release|x64.ActiveCfg = Release|iPhoneSimulator
		{ABAB74BC-F6F1-4B96-A677-DDCD0716F306}.Release|x86.ActiveCfg = Release|iPhoneSimulator
		{F6B324DD-BF59-404C-9411-66888240EE39}.Debug|Any CPU.ActiveCfg = Debug|Any CPU
		{F6B324DD-BF59-404C-9411-66888240EE39}.Debug|Any CPU.Build.0 = Debug|Any CPU
		{F6B324DD-BF59-404C-9411-66888240EE39}.Debug|ARM.ActiveCfg = Debug|Any CPU
		{F6B324DD-BF59-404C-9411-66888240EE39}.Debug|ARM.Build.0 = Debug|Any CPU
		{F6B324DD-BF59-404C-9411-66888240EE39}.Debug|iPhone.ActiveCfg = Debug|Any CPU
		{F6B324DD-BF59-404C-9411-66888240EE39}.Debug|iPhone.Build.0 = Debug|Any CPU
		{F6B324DD-BF59-404C-9411-66888240EE39}.Debug|iPhoneSimulator.ActiveCfg = Debug|Any CPU
		{F6B324DD-BF59-404C-9411-66888240EE39}.Debug|iPhoneSimulator.Build.0 = Debug|Any CPU
		{F6B324DD-BF59-404C-9411-66888240EE39}.Debug|x64.ActiveCfg = Debug|Any CPU
		{F6B324DD-BF59-404C-9411-66888240EE39}.Debug|x64.Build.0 = Debug|Any CPU
		{F6B324DD-BF59-404C-9411-66888240EE39}.Debug|x86.ActiveCfg = Debug|Any CPU
		{F6B324DD-BF59-404C-9411-66888240EE39}.Debug|x86.Build.0 = Debug|Any CPU
		{F6B324DD-BF59-404C-9411-66888240EE39}.Release|Any CPU.ActiveCfg = Release|Any CPU
		{F6B324DD-BF59-404C-9411-66888240EE39}.Release|Any CPU.Build.0 = Release|Any CPU
		{F6B324DD-BF59-404C-9411-66888240EE39}.Release|ARM.ActiveCfg = Release|Any CPU
		{F6B324DD-BF59-404C-9411-66888240EE39}.Release|ARM.Build.0 = Release|Any CPU
		{F6B324DD-BF59-404C-9411-66888240EE39}.Release|iPhone.ActiveCfg = Release|Any CPU
		{F6B324DD-BF59-404C-9411-66888240EE39}.Release|iPhone.Build.0 = Release|Any CPU
		{F6B324DD-BF59-404C-9411-66888240EE39}.Release|iPhoneSimulator.ActiveCfg = Release|Any CPU
		{F6B324DD-BF59-404C-9411-66888240EE39}.Release|iPhoneSimulator.Build.0 = Release|Any CPU
		{F6B324DD-BF59-404C-9411-66888240EE39}.Release|x64.ActiveCfg = Release|Any CPU
		{F6B324DD-BF59-404C-9411-66888240EE39}.Release|x64.Build.0 = Release|Any CPU
		{F6B324DD-BF59-404C-9411-66888240EE39}.Release|x86.ActiveCfg = Release|Any CPU
		{F6B324DD-BF59-404C-9411-66888240EE39}.Release|x86.Build.0 = Release|Any CPU
	EndGlobalSection
	GlobalSection(SolutionProperties) = preSolution
		HideSolutionNode = FALSE
	EndGlobalSection
	GlobalSection(NestedProjects) = preSolution
		{F8279AFE-FA4D-4B98-BAA6-D04EBF2C486F} = {95C7DF3D-9433-4CB6-81B6-BDF2C51459A9}
		{68A1B9AF-BA1E-4585-926E-97FC25F73C23} = {AE8FE618-C63A-492C-9C2D-083810E62534}
		{D8492715-DD43-483A-B8BE-D5206AACC4E3} = {AE8FE618-C63A-492C-9C2D-083810E62534}
		{ABAB74BC-F6F1-4B96-A677-DDCD0716F306} = {AE8FE618-C63A-492C-9C2D-083810E62534}
		{F6B324DD-BF59-404C-9411-66888240EE39} = {AE8FE618-C63A-492C-9C2D-083810E62534}
	EndGlobalSection
	GlobalSection(ExtensibilityGlobals) = postSolution
		SolutionGuid = {5050F2FE-2973-4D79-84DA-2BE23FDA0A38}
	EndGlobalSection
EndGlobal
