
Microsoft Visual Studio Solution File, Format Version 12.00
# Visual Studio Version 16
VisualStudioVersion = 16.0.30320.27
MinimumVisualStudioVersion = 10.0.40219.1
Project("{2150E333-8FDC-42A3-9474-1A3956D46DE8}") = "Library", "Library", "{C2F6CFD3-DC77-46F0-8CAB-A910C808C0EA}"
EndProject
Project("{9A19103F-16F7-4668-BE54-9A1E7A4F7556}") = "MintPlayer.MVVM", "Library\MintPlayer.MVVM\MintPlayer.MVVM.csproj", "{28F48E0D-17CA-4166-8030-D0987F03D1DE}"
EndProject
Project("{2150E333-8FDC-42A3-9474-1A3956D46DE8}") = "Solution Items", "Solution Items", "{7004E39A-BAF2-4F2F-B505-CC3DEC393CB6}"
	ProjectSection(SolutionItems) = preProject
		Directory.build.props = Directory.build.props
		Directory.build.targets = Directory.build.targets
	EndProjectSection
EndProject
Project("{2150E333-8FDC-42A3-9474-1A3956D46DE8}") = "Demo", "Demo", "{FEB6D136-6EEC-4F98-B948-9DEE69342696}"
EndProject
Project("{FAE04EC0-301F-11D3-BF4B-00C04F79EFBC}") = "MintPlayer.MVVM.Demo.UWP", "Demo\MintPlayer.MVVM.Demo\MintPlayer.MVVM.Demo.UWP\MintPlayer.MVVM.Demo.UWP.csproj", "{42883ABF-7608-44F3-8D5A-F9CCE1F0D063}"
EndProject
Project("{FAE04EC0-301F-11D3-BF4B-00C04F79EFBC}") = "MintPlayer.MVVM.Demo.Android", "Demo\MintPlayer.MVVM.Demo\MintPlayer.MVVM.Demo.Android\MintPlayer.MVVM.Demo.Android.csproj", "{E8870E65-C557-442F-88E3-C70448A5C853}"
EndProject
Project("{FAE04EC0-301F-11D3-BF4B-00C04F79EFBC}") = "MintPlayer.MVVM.Demo.iOS", "Demo\MintPlayer.MVVM.Demo\MintPlayer.MVVM.Demo.iOS\MintPlayer.MVVM.Demo.iOS.csproj", "{918123EA-228F-4239-A3B0-6B03A0320502}"
EndProject
Project("{FAE04EC0-301F-11D3-BF4B-00C04F79EFBC}") = "MintPlayer.MVVM.Demo", "Demo\MintPlayer.MVVM.Demo\MintPlayer.MVVM.Demo\MintPlayer.MVVM.Demo.csproj", "{69ECF899-01A1-4E82-8BD4-D70F3F8F45FC}"
EndProject
Global
	GlobalSection(SolutionConfigurationPlatforms) = preSolution
		Debug|Any CPU = Debug|Any CPU
		Debug|ARM = Debug|ARM
		Debug|iPhone = Debug|iPhone
		Debug|iPhoneSimulator = Debug|iPhoneSimulator
		Debug|x64 = Debug|x64
		Debug|x86 = Debug|x86
		Release|Any CPU = Release|Any CPU
		Release|ARM = Release|ARM
		Release|iPhone = Release|iPhone
		Release|iPhoneSimulator = Release|iPhoneSimulator
		Release|x64 = Release|x64
		Release|x86 = Release|x86
	EndGlobalSection
	GlobalSection(ProjectConfigurationPlatforms) = postSolution
		{28F48E0D-17CA-4166-8030-D0987F03D1DE}.Debug|Any CPU.ActiveCfg = Debug|Any CPU
		{28F48E0D-17CA-4166-8030-D0987F03D1DE}.Debug|Any CPU.Build.0 = Debug|Any CPU
		{28F48E0D-17CA-4166-8030-D0987F03D1DE}.Debug|ARM.ActiveCfg = Debug|Any CPU
		{28F48E0D-17CA-4166-8030-D0987F03D1DE}.Debug|ARM.Build.0 = Debug|Any CPU
		{28F48E0D-17CA-4166-8030-D0987F03D1DE}.Debug|iPhone.ActiveCfg = Debug|Any CPU
		{28F48E0D-17CA-4166-8030-D0987F03D1DE}.Debug|iPhone.Build.0 = Debug|Any CPU
		{28F48E0D-17CA-4166-8030-D0987F03D1DE}.Debug|iPhoneSimulator.ActiveCfg = Debug|Any CPU
		{28F48E0D-17CA-4166-8030-D0987F03D1DE}.Debug|iPhoneSimulator.Build.0 = Debug|Any CPU
		{28F48E0D-17CA-4166-8030-D0987F03D1DE}.Debug|x64.ActiveCfg = Debug|Any CPU
		{28F48E0D-17CA-4166-8030-D0987F03D1DE}.Debug|x64.Build.0 = Debug|Any CPU
		{28F48E0D-17CA-4166-8030-D0987F03D1DE}.Debug|x86.ActiveCfg = Debug|Any CPU
		{28F48E0D-17CA-4166-8030-D0987F03D1DE}.Debug|x86.Build.0 = Debug|Any CPU
		{28F48E0D-17CA-4166-8030-D0987F03D1DE}.Release|Any CPU.ActiveCfg = Release|Any CPU
		{28F48E0D-17CA-4166-8030-D0987F03D1DE}.Release|Any CPU.Build.0 = Release|Any CPU
		{28F48E0D-17CA-4166-8030-D0987F03D1DE}.Release|ARM.ActiveCfg = Release|Any CPU
		{28F48E0D-17CA-4166-8030-D0987F03D1DE}.Release|ARM.Build.0 = Release|Any CPU
		{28F48E0D-17CA-4166-8030-D0987F03D1DE}.Release|iPhone.ActiveCfg = Release|Any CPU
		{28F48E0D-17CA-4166-8030-D0987F03D1DE}.Release|iPhone.Build.0 = Release|Any CPU
		{28F48E0D-17CA-4166-8030-D0987F03D1DE}.Release|iPhoneSimulator.ActiveCfg = Release|Any CPU
		{28F48E0D-17CA-4166-8030-D0987F03D1DE}.Release|iPhoneSimulator.Build.0 = Release|Any CPU
		{28F48E0D-17CA-4166-8030-D0987F03D1DE}.Release|x64.ActiveCfg = Release|Any CPU
		{28F48E0D-17CA-4166-8030-D0987F03D1DE}.Release|x64.Build.0 = Release|Any CPU
		{28F48E0D-17CA-4166-8030-D0987F03D1DE}.Release|x86.ActiveCfg = Release|Any CPU
		{28F48E0D-17CA-4166-8030-D0987F03D1DE}.Release|x86.Build.0 = Release|Any CPU
		{42883ABF-7608-44F3-8D5A-F9CCE1F0D063}.Debug|Any CPU.ActiveCfg = Debug|x86
		{42883ABF-7608-44F3-8D5A-F9CCE1F0D063}.Debug|ARM.ActiveCfg = Debug|ARM
		{42883ABF-7608-44F3-8D5A-F9CCE1F0D063}.Debug|ARM.Build.0 = Debug|ARM
		{42883ABF-7608-44F3-8D5A-F9CCE1F0D063}.Debug|ARM.Deploy.0 = Debug|ARM
		{42883ABF-7608-44F3-8D5A-F9CCE1F0D063}.Debug|iPhone.ActiveCfg = Debug|x86
		{42883ABF-7608-44F3-8D5A-F9CCE1F0D063}.Debug|iPhoneSimulator.ActiveCfg = Debug|x86
		{42883ABF-7608-44F3-8D5A-F9CCE1F0D063}.Debug|x64.ActiveCfg = Debug|x64
		{42883ABF-7608-44F3-8D5A-F9CCE1F0D063}.Debug|x64.Build.0 = Debug|x64
		{42883ABF-7608-44F3-8D5A-F9CCE1F0D063}.Debug|x64.Deploy.0 = Debug|x64
		{42883ABF-7608-44F3-8D5A-F9CCE1F0D063}.Debug|x86.ActiveCfg = Debug|x86
		{42883ABF-7608-44F3-8D5A-F9CCE1F0D063}.Debug|x86.Build.0 = Debug|x86
		{42883ABF-7608-44F3-8D5A-F9CCE1F0D063}.Debug|x86.Deploy.0 = Debug|x86
		{42883ABF-7608-44F3-8D5A-F9CCE1F0D063}.Release|Any CPU.ActiveCfg = Release|x86
		{42883ABF-7608-44F3-8D5A-F9CCE1F0D063}.Release|ARM.ActiveCfg = Release|ARM
		{42883ABF-7608-44F3-8D5A-F9CCE1F0D063}.Release|ARM.Build.0 = Release|ARM
		{42883ABF-7608-44F3-8D5A-F9CCE1F0D063}.Release|ARM.Deploy.0 = Release|ARM
		{42883ABF-7608-44F3-8D5A-F9CCE1F0D063}.Release|iPhone.ActiveCfg = Release|x86
		{42883ABF-7608-44F3-8D5A-F9CCE1F0D063}.Release|iPhoneSimulator.ActiveCfg = Release|x86
		{42883ABF-7608-44F3-8D5A-F9CCE1F0D063}.Release|x64.ActiveCfg = Release|x64
		{42883ABF-7608-44F3-8D5A-F9CCE1F0D063}.Release|x64.Build.0 = Release|x64
		{42883ABF-7608-44F3-8D5A-F9CCE1F0D063}.Release|x64.Deploy.0 = Release|x64
		{42883ABF-7608-44F3-8D5A-F9CCE1F0D063}.Release|x86.ActiveCfg = Release|x86
		{42883ABF-7608-44F3-8D5A-F9CCE1F0D063}.Release|x86.Build.0 = Release|x86
		{42883ABF-7608-44F3-8D5A-F9CCE1F0D063}.Release|x86.Deploy.0 = Release|x86
		{E8870E65-C557-442F-88E3-C70448A5C853}.Debug|Any CPU.ActiveCfg = Debug|Any CPU
		{E8870E65-C557-442F-88E3-C70448A5C853}.Debug|Any CPU.Build.0 = Debug|Any CPU
		{E8870E65-C557-442F-88E3-C70448A5C853}.Debug|Any CPU.Deploy.0 = Debug|Any CPU
		{E8870E65-C557-442F-88E3-C70448A5C853}.Debug|ARM.ActiveCfg = Debug|Any CPU
		{E8870E65-C557-442F-88E3-C70448A5C853}.Debug|ARM.Build.0 = Debug|Any CPU
		{E8870E65-C557-442F-88E3-C70448A5C853}.Debug|ARM.Deploy.0 = Debug|Any CPU
		{E8870E65-C557-442F-88E3-C70448A5C853}.Debug|iPhone.ActiveCfg = Debug|Any CPU
		{E8870E65-C557-442F-88E3-C70448A5C853}.Debug|iPhone.Build.0 = Debug|Any CPU
		{E8870E65-C557-442F-88E3-C70448A5C853}.Debug|iPhone.Deploy.0 = Debug|Any CPU
		{E8870E65-C557-442F-88E3-C70448A5C853}.Debug|iPhoneSimulator.ActiveCfg = Debug|Any CPU
		{E8870E65-C557-442F-88E3-C70448A5C853}.Debug|iPhoneSimulator.Build.0 = Debug|Any CPU
		{E8870E65-C557-442F-88E3-C70448A5C853}.Debug|iPhoneSimulator.Deploy.0 = Debug|Any CPU
		{E8870E65-C557-442F-88E3-C70448A5C853}.Debug|x64.ActiveCfg = Debug|Any CPU
		{E8870E65-C557-442F-88E3-C70448A5C853}.Debug|x64.Build.0 = Debug|Any CPU
		{E8870E65-C557-442F-88E3-C70448A5C853}.Debug|x64.Deploy.0 = Debug|Any CPU
		{E8870E65-C557-442F-88E3-C70448A5C853}.Debug|x86.ActiveCfg = Debug|Any CPU
		{E8870E65-C557-442F-88E3-C70448A5C853}.Debug|x86.Build.0 = Debug|Any CPU
		{E8870E65-C557-442F-88E3-C70448A5C853}.Debug|x86.Deploy.0 = Debug|Any CPU
		{E8870E65-C557-442F-88E3-C70448A5C853}.Release|Any CPU.ActiveCfg = Release|Any CPU
		{E8870E65-C557-442F-88E3-C70448A5C853}.Release|Any CPU.Build.0 = Release|Any CPU
		{E8870E65-C557-442F-88E3-C70448A5C853}.Release|Any CPU.Deploy.0 = Release|Any CPU
		{E8870E65-C557-442F-88E3-C70448A5C853}.Release|ARM.ActiveCfg = Release|Any CPU
		{E8870E65-C557-442F-88E3-C70448A5C853}.Release|ARM.Build.0 = Release|Any CPU
		{E8870E65-C557-442F-88E3-C70448A5C853}.Release|ARM.Deploy.0 = Release|Any CPU
		{E8870E65-C557-442F-88E3-C70448A5C853}.Release|iPhone.ActiveCfg = Release|Any CPU
		{E8870E65-C557-442F-88E3-C70448A5C853}.Release|iPhone.Build.0 = Release|Any CPU
		{E8870E65-C557-442F-88E3-C70448A5C853}.Release|iPhone.Deploy.0 = Release|Any CPU
		{E8870E65-C557-442F-88E3-C70448A5C853}.Release|iPhoneSimulator.ActiveCfg = Release|Any CPU
		{E8870E65-C557-442F-88E3-C70448A5C853}.Release|iPhoneSimulator.Build.0 = Release|Any CPU
		{E8870E65-C557-442F-88E3-C70448A5C853}.Release|iPhoneSimulator.Deploy.0 = Release|Any CPU
		{E8870E65-C557-442F-88E3-C70448A5C853}.Release|x64.ActiveCfg = Release|Any CPU
		{E8870E65-C557-442F-88E3-C70448A5C853}.Release|x64.Build.0 = Release|Any CPU
		{E8870E65-C557-442F-88E3-C70448A5C853}.Release|x64.Deploy.0 = Release|Any CPU
		{E8870E65-C557-442F-88E3-C70448A5C853}.Release|x86.ActiveCfg = Release|Any CPU
		{E8870E65-C557-442F-88E3-C70448A5C853}.Release|x86.Build.0 = Release|Any CPU
		{E8870E65-C557-442F-88E3-C70448A5C853}.Release|x86.Deploy.0 = Release|Any CPU
		{918123EA-228F-4239-A3B0-6B03A0320502}.Debug|Any CPU.ActiveCfg = Debug|iPhone
		{918123EA-228F-4239-A3B0-6B03A0320502}.Debug|ARM.ActiveCfg = Debug|iPhone
		{918123EA-228F-4239-A3B0-6B03A0320502}.Debug|iPhone.ActiveCfg = Debug|iPhone
		{918123EA-228F-4239-A3B0-6B03A0320502}.Debug|iPhone.Build.0 = Debug|iPhone
		{918123EA-228F-4239-A3B0-6B03A0320502}.Debug|iPhoneSimulator.ActiveCfg = Debug|iPhoneSimulator
		{918123EA-228F-4239-A3B0-6B03A0320502}.Debug|iPhoneSimulator.Build.0 = Debug|iPhoneSimulator
		{918123EA-228F-4239-A3B0-6B03A0320502}.Debug|x64.ActiveCfg = Debug|iPhone
		{918123EA-228F-4239-A3B0-6B03A0320502}.Debug|x86.ActiveCfg = Debug|iPhone
		{918123EA-228F-4239-A3B0-6B03A0320502}.Release|Any CPU.ActiveCfg = Release|iPhone
		{918123EA-228F-4239-A3B0-6B03A0320502}.Release|ARM.ActiveCfg = Release|iPhone
		{918123EA-228F-4239-A3B0-6B03A0320502}.Release|iPhone.ActiveCfg = Release|iPhone
		{918123EA-228F-4239-A3B0-6B03A0320502}.Release|iPhone.Build.0 = Release|iPhone
		{918123EA-228F-4239-A3B0-6B03A0320502}.Release|iPhoneSimulator.ActiveCfg = Release|iPhoneSimulator
		{918123EA-228F-4239-A3B0-6B03A0320502}.Release|iPhoneSimulator.Build.0 = Release|iPhoneSimulator
		{918123EA-228F-4239-A3B0-6B03A0320502}.Release|x64.ActiveCfg = Release|iPhone
		{918123EA-228F-4239-A3B0-6B03A0320502}.Release|x86.ActiveCfg = Release|iPhone
		{69ECF899-01A1-4E82-8BD4-D70F3F8F45FC}.Debug|Any CPU.ActiveCfg = Debug|Any CPU
		{69ECF899-01A1-4E82-8BD4-D70F3F8F45FC}.Debug|Any CPU.Build.0 = Debug|Any CPU
		{69ECF899-01A1-4E82-8BD4-D70F3F8F45FC}.Debug|ARM.ActiveCfg = Debug|Any CPU
		{69ECF899-01A1-4E82-8BD4-D70F3F8F45FC}.Debug|ARM.Build.0 = Debug|Any CPU
		{69ECF899-01A1-4E82-8BD4-D70F3F8F45FC}.Debug|iPhone.ActiveCfg = Debug|Any CPU
		{69ECF899-01A1-4E82-8BD4-D70F3F8F45FC}.Debug|iPhone.Build.0 = Debug|Any CPU
		{69ECF899-01A1-4E82-8BD4-D70F3F8F45FC}.Debug|iPhoneSimulator.ActiveCfg = Debug|Any CPU
		{69ECF899-01A1-4E82-8BD4-D70F3F8F45FC}.Debug|iPhoneSimulator.Build.0 = Debug|Any CPU
		{69ECF899-01A1-4E82-8BD4-D70F3F8F45FC}.Debug|x64.ActiveCfg = Debug|Any CPU
		{69ECF899-01A1-4E82-8BD4-D70F3F8F45FC}.Debug|x64.Build.0 = Debug|Any CPU
		{69ECF899-01A1-4E82-8BD4-D70F3F8F45FC}.Debug|x86.ActiveCfg = Debug|Any CPU
		{69ECF899-01A1-4E82-8BD4-D70F3F8F45FC}.Debug|x86.Build.0 = Debug|Any CPU
		{69ECF899-01A1-4E82-8BD4-D70F3F8F45FC}.Release|Any CPU.ActiveCfg = Release|Any CPU
		{69ECF899-01A1-4E82-8BD4-D70F3F8F45FC}.Release|Any CPU.Build.0 = Release|Any CPU
		{69ECF899-01A1-4E82-8BD4-D70F3F8F45FC}.Release|ARM.ActiveCfg = Release|Any CPU
		{69ECF899-01A1-4E82-8BD4-D70F3F8F45FC}.Release|ARM.Build.0 = Release|Any CPU
		{69ECF899-01A1-4E82-8BD4-D70F3F8F45FC}.Release|iPhone.ActiveCfg = Release|Any CPU
		{69ECF899-01A1-4E82-8BD4-D70F3F8F45FC}.Release|iPhone.Build.0 = Release|Any CPU
		{69ECF899-01A1-4E82-8BD4-D70F3F8F45FC}.Release|iPhoneSimulator.ActiveCfg = Release|Any CPU
		{69ECF899-01A1-4E82-8BD4-D70F3F8F45FC}.Release|iPhoneSimulator.Build.0 = Release|Any CPU
		{69ECF899-01A1-4E82-8BD4-D70F3F8F45FC}.Release|x64.ActiveCfg = Release|Any CPU
		{69ECF899-01A1-4E82-8BD4-D70F3F8F45FC}.Release|x64.Build.0 = Release|Any CPU
		{69ECF899-01A1-4E82-8BD4-D70F3F8F45FC}.Release|x86.ActiveCfg = Release|Any CPU
		{69ECF899-01A1-4E82-8BD4-D70F3F8F45FC}.Release|x86.Build.0 = Release|Any CPU
	EndGlobalSection
	GlobalSection(SolutionProperties) = preSolution
		HideSolutionNode = FALSE
	EndGlobalSection
	GlobalSection(NestedProjects) = preSolution
		{28F48E0D-17CA-4166-8030-D0987F03D1DE} = {C2F6CFD3-DC77-46F0-8CAB-A910C808C0EA}
		{42883ABF-7608-44F3-8D5A-F9CCE1F0D063} = {FEB6D136-6EEC-4F98-B948-9DEE69342696}
		{E8870E65-C557-442F-88E3-C70448A5C853} = {FEB6D136-6EEC-4F98-B948-9DEE69342696}
		{918123EA-228F-4239-A3B0-6B03A0320502} = {FEB6D136-6EEC-4F98-B948-9DEE69342696}
		{69ECF899-01A1-4E82-8BD4-D70F3F8F45FC} = {FEB6D136-6EEC-4F98-B948-9DEE69342696}
	EndGlobalSection
	GlobalSection(ExtensibilityGlobals) = postSolution
		SolutionGuid = {5050F2FE-2973-4D79-84DA-2BE23FDA0A38}
	EndGlobalSection
EndGlobal
